{
  "name": "test",
  "version": "1.0.0",
  "lockfileVersion": 1,
  "requires": true,
  "dependencies": {
    "html.js": {
      "version": "0.12.1",
      "resolved": "http://registry.npmjs.lianjia.com:7001/html.js/download/html.js-0.12.1.tgz",
      "integrity": "sha1-t/zydf2O+JN6Q8A5MgENzPYomaI="
    }
  }
}
